// !$*UTF8*$!
{
	archiveVersion = 1;
	classes = {
	};
	objectVersion = 46;
	objects = {

/* Begin PBXBuildFile section */
		564AB1291A0395A6009C011E /* Foundation.framework in Frameworks */ = {isa = PBXBuildFile; fileRef = 564AB0EF1A039435009C011E /* Foundation.framework */; };
		564AB12A1A0395A6009C011E /* CoreGraphics.framework in Frameworks */ = {isa = PBXBuildFile; fileRef = 564AB0F11A039435009C011E /* CoreGraphics.framework */; };
		564AB12B1A0395A6009C011E /* UIKit.framework in Frameworks */ = {isa = PBXBuildFile; fileRef = 564AB0F31A039435009C011E /* UIKit.framework */; };
		564AB1311A0395A6009C011E /* InfoPlist.strings in Resources */ = {isa = PBXBuildFile; fileRef = 564AB12F1A0395A6009C011E /* InfoPlist.strings */; };
		564AB1331A0395A6009C011E /* main.m in Sources */ = {isa = PBXBuildFile; fileRef = 564AB1321A0395A6009C011E /* main.m */; };
		564AB1371A0395A6009C011E /* SKAppDelegate.m in Sources */ = {isa = PBXBuildFile; fileRef = 564AB1361A0395A6009C011E /* SKAppDelegate.m */; };
		564AB13A1A0395A6009C011E /* Main.storyboard in Resources */ = {isa = PBXBuildFile; fileRef = 564AB1381A0395A6009C011E /* Main.storyboard */; };
		564AB13D1A0395A6009C011E /* SKViewController.m in Sources */ = {isa = PBXBuildFile; fileRef = 564AB13C1A0395A6009C011E /* SKViewController.m */; };
		564AB13F1A0395A6009C011E /* Images.xcassets in Resources */ = {isa = PBXBuildFile; fileRef = 564AB13E1A0395A6009C011E /* Images.xcassets */; };
		564AB1451A0395A6009C011E /* XCTest.framework in Frameworks */ = {isa = PBXBuildFile; fileRef = 564AB10E1A039435009C011E /* XCTest.framework */; };
		564AB1461A0395A6009C011E /* Foundation.framework in Frameworks */ = {isa = PBXBuildFile; fileRef = 564AB0EF1A039435009C011E /* Foundation.framework */; };
		564AB1471A0395A6009C011E /* UIKit.framework in Frameworks */ = {isa = PBXBuildFile; fileRef = 564AB0F31A039435009C011E /* UIKit.framework */; };
		564AB14F1A0395A6009C011E /* InfoPlist.strings in Resources */ = {isa = PBXBuildFile; fileRef = 564AB14D1A0395A6009C011E /* InfoPlist.strings */; };
		564AB1511A0395A6009C011E /* SKTextViewDemoTests.m in Sources */ = {isa = PBXBuildFile; fileRef = 564AB1501A0395A6009C011E /* SKTextViewDemoTests.m */; };
		564AB15B1A039768009C011E /* SKTextAttachment.m in Sources */ = {isa = PBXBuildFile; fileRef = 564AB15A1A039768009C011E /* SKTextAttachment.m */; };
		564AB15E1A0397E5009C011E /* SKTextView.m in Sources */ = {isa = PBXBuildFile; fileRef = 564AB15D1A0397E5009C011E /* SKTextView.m */; };
/* End PBXBuildFile section */

/* Begin PBXContainerItemProxy section */
		564AB1481A0395A6009C011E /* PBXContainerItemProxy */ = {
			isa = PBXContainerItemProxy;
			containerPortal = 564AB0E41A039435009C011E /* Project object */;
			proxyType = 1;
			remoteGlobalIDString = 564AB1271A0395A6009C011E;
			remoteInfo = SKTextViewDemo;
		};
/* End PBXContainerItemProxy section */

/* Begin PBXFileReference section */
		564AB0EF1A039435009C011E /* Foundation.framework */ = {isa = PBXFileReference; lastKnownFileType = wrapper.framework; name = Foundation.framework; path = System/Library/Frameworks/Foundation.framework; sourceTree = SDKROOT; };
		564AB0F11A039435009C011E /* CoreGraphics.framework */ = {isa = PBXFileReference; lastKnownFileType = wrapper.framework; name = CoreGraphics.framework; path = System/Library/Frameworks/CoreGraphics.framework; sourceTree = SDKROOT; };
		564AB0F31A039435009C011E /* UIKit.framework */ = {isa = PBXFileReference; lastKnownFileType = wrapper.framework; name = UIKit.framework; path = System/Library/Frameworks/UIKit.framework; sourceTree = SDKROOT; };
		564AB10E1A039435009C011E /* XCTest.framework */ = {isa = PBXFileReference; lastKnownFileType = wrapper.framework; name = XCTest.framework; path = Library/Frameworks/XCTest.framework; sourceTree = DEVELOPER_DIR; };
		564AB1281A0395A6009C011E /* SKTextViewDemo.app */ = {isa = PBXFileReference; explicitFileType = wrapper.application; includeInIndex = 0; path = SKTextViewDemo.app; sourceTree = BUILT_PRODUCTS_DIR; };
		564AB12E1A0395A6009C011E /* SKTextViewDemo-Info.plist */ = {isa = PBXFileReference; lastKnownFileType = text.plist.xml; path = "SKTextViewDemo-Info.plist"; sourceTree = "<group>"; };
		564AB1301A0395A6009C011E /* en */ = {isa = PBXFileReference; lastKnownFileType = text.plist.strings; name = en; path = en.lproj/InfoPlist.strings; sourceTree = "<group>"; };
		564AB1321A0395A6009C011E /* main.m */ = {isa = PBXFileReference; lastKnownFileType = sourcecode.c.objc; path = main.m; sourceTree = "<group>"; };
		564AB1341A0395A6009C011E /* SKTextViewDemo-Prefix.pch */ = {isa = PBXFileReference; lastKnownFileType = sourcecode.c.h; path = "SKTextViewDemo-Prefix.pch"; sourceTree = "<group>"; };
		564AB1351A0395A6009C011E /* SKAppDelegate.h */ = {isa = PBXFileReference; lastKnownFileType = sourcecode.c.h; path = SKAppDelegate.h; sourceTree = "<group>"; };
		564AB1361A0395A6009C011E /* SKAppDelegate.m */ = {isa = PBXFileReference; lastKnownFileType = sourcecode.c.objc; path = SKAppDelegate.m; sourceTree = "<group>"; };
		564AB1391A0395A6009C011E /* Base */ = {isa = PBXFileReference; lastKnownFileType = file.storyboard; name = Base; path = Base.lproj/Main.storyboard; sourceTree = "<group>"; };
		564AB13B1A0395A6009C011E /* SKViewController.h */ = {isa = PBXFileReference; lastKnownFileType = sourcecode.c.h; path = SKViewController.h; sourceTree = "<group>"; };
		564AB13C1A0395A6009C011E /* SKViewController.m */ = {isa = PBXFileReference; lastKnownFileType = sourcecode.c.objc; path = SKViewController.m; sourceTree = "<group>"; };
		564AB13E1A0395A6009C011E /* Images.xcassets */ = {isa = PBXFileReference; lastKnownFileType = folder.assetcatalog; path = Images.xcassets; sourceTree = "<group>"; };
		564AB1441A0395A6009C011E /* SKTextViewDemoTests.xctest */ = {isa = PBXFileReference; explicitFileType = wrapper.cfbundle; includeInIndex = 0; path = SKTextViewDemoTests.xctest; sourceTree = BUILT_PRODUCTS_DIR; };
		564AB14C1A0395A6009C011E /* SKTextViewDemoTests-Info.plist */ = {isa = PBXFileReference; lastKnownFileType = text.plist.xml; path = "SKTextViewDemoTests-Info.plist"; sourceTree = "<group>"; };
		564AB14E1A0395A6009C011E /* en */ = {isa = PBXFileReference; lastKnownFileType = text.plist.strings; name = en; path = en.lproj/InfoPlist.strings; sourceTree = "<group>"; };
		564AB1501A0395A6009C011E /* SKTextViewDemoTests.m */ = {isa = PBXFileReference; lastKnownFileType = sourcecode.c.objc; path = SKTextViewDemoTests.m; sourceTree = "<group>"; };
		564AB1591A039768009C011E /* SKTextAttachment.h */ = {isa = PBXFileReference; fileEncoding = 4; lastKnownFileType = sourcecode.c.h; path = SKTextAttachment.h; sourceTree = "<group>"; };
		564AB15A1A039768009C011E /* SKTextAttachment.m */ = {isa = PBXFileReference; fileEncoding = 4; lastKnownFileType = sourcecode.c.objc; path = SKTextAttachment.m; sourceTree = "<group>"; };
		564AB15C1A0397E5009C011E /* SKTextView.h */ = {isa = PBXFileReference; fileEncoding = 4; lastKnownFileType = sourcecode.c.h; path = SKTextView.h; sourceTree = "<group>"; };
		564AB15D1A0397E5009C011E /* SKTextView.m */ = {isa = PBXFileReference; fileEncoding = 4; lastKnownFileType = sourcecode.c.objc; path = SKTextView.m; sourceTree = "<group>"; };
/* End PBXFileReference section */

/* Begin PBXFrameworksBuildPhase section */
		564AB1251A0395A6009C011E /* Frameworks */ = {
			isa = PBXFrameworksBuildPhase;
			buildActionMask = 2147483647;
			files = (
				564AB12A1A0395A6009C011E /* CoreGraphics.framework in Frameworks */,
				564AB12B1A0395A6009C011E /* UIKit.framework in Frameworks */,
				564AB1291A0395A6009C011E /* Foundation.framework in Frameworks */,
			);
			runOnlyForDeploymentPostprocessing = 0;
		};
		564AB1411A0395A6009C011E /* Frameworks */ = {
			isa = PBXFrameworksBuildPhase;
			buildActionMask = 2147483647;
			files = (
				564AB1451A0395A6009C011E /* XCTest.framework in Frameworks */,
				564AB1471A0395A6009C011E /* UIKit.framework in Frameworks */,
				564AB1461A0395A6009C011E /* Foundation.framework in Frameworks */,
			);
			runOnlyForDeploymentPostprocessing = 0;
		};
/* End PBXFrameworksBuildPhase section */

/* Begin PBXGroup section */
		564AB0E31A039435009C011E = {
			isa = PBXGroup;
			children = (
				564AB1581A039628009C011E /* SKTextView */,
				564AB12C1A0395A6009C011E /* SKTextViewDemo */,
				564AB14A1A0395A6009C011E /* SKTextViewDemoTests */,
				564AB0EE1A039435009C011E /* Frameworks */,
				564AB0ED1A039435009C011E /* Products */,
			);
			sourceTree = "<group>";
		};
		564AB0ED1A039435009C011E /* Products */ = {
			isa = PBXGroup;
			children = (
				564AB1281A0395A6009C011E /* SKTextViewDemo.app */,
				564AB1441A0395A6009C011E /* SKTextViewDemoTests.xctest */,
			);
			name = Products;
			sourceTree = "<group>";
		};
		564AB0EE1A039435009C011E /* Frameworks */ = {
			isa = PBXGroup;
			children = (
				564AB0EF1A039435009C011E /* Foundation.framework */,
				564AB0F11A039435009C011E /* CoreGraphics.framework */,
				564AB0F31A039435009C011E /* UIKit.framework */,
				564AB10E1A039435009C011E /* XCTest.framework */,
			);
			name = Frameworks;
			sourceTree = "<group>";
		};
		564AB12C1A0395A6009C011E /* SKTextViewDemo */ = {
			isa = PBXGroup;
			children = (
				564AB1351A0395A6009C011E /* SKAppDelegate.h */,
				564AB1361A0395A6009C011E /* SKAppDelegate.m */,
				564AB1381A0395A6009C011E /* Main.storyboard */,
				564AB13B1A0395A6009C011E /* SKViewController.h */,
				564AB13C1A0395A6009C011E /* SKViewController.m */,
				564AB13E1A0395A6009C011E /* Images.xcassets */,
				564AB12D1A0395A6009C011E /* Supporting Files */,
			);
			path = SKTextViewDemo;
			sourceTree = "<group>";
		};
		564AB12D1A0395A6009C011E /* Supporting Files */ = {
			isa = PBXGroup;
			children = (
				564AB12E1A0395A6009C011E /* SKTextViewDemo-Info.plist */,
				564AB12F1A0395A6009C011E /* InfoPlist.strings */,
				564AB1321A0395A6009C011E /* main.m */,
				564AB1341A0395A6009C011E /* SKTextViewDemo-Prefix.pch */,
			);
			name = "Supporting Files";
			sourceTree = "<group>";
		};
		564AB14A1A0395A6009C011E /* SKTextViewDemoTests */ = {
			isa = PBXGroup;
			children = (
				564AB1501A0395A6009C011E /* SKTextViewDemoTests.m */,
				564AB14B1A0395A6009C011E /* Supporting Files */,
			);
			path = SKTextViewDemoTests;
			sourceTree = "<group>";
		};
		564AB14B1A0395A6009C011E /* Supporting Files */ = {
			isa = PBXGroup;
			children = (
				564AB14C1A0395A6009C011E /* SKTextViewDemoTests-Info.plist */,
				564AB14D1A0395A6009C011E /* InfoPlist.strings */,
			);
			name = "Supporting Files";
			sourceTree = "<group>";
		};
		564AB1581A039628009C011E /* SKTextView */ = {
			isa = PBXGroup;
			children = (
				564AB1591A039768009C011E /* SKTextAttachment.h */,
				564AB15A1A039768009C011E /* SKTextAttachment.m */,
				564AB15C1A0397E5009C011E /* SKTextView.h */,
				564AB15D1A0397E5009C011E /* SKTextView.m */,
			);
			path = SKTextView;
			sourceTree = "<group>";
		};
/* End PBXGroup section */

/* Begin PBXNativeTarget section */
		564AB1271A0395A6009C011E /* SKTextViewDemo */ = {
			isa = PBXNativeTarget;
			buildConfigurationList = 564AB1561A0395A6009C011E /* Build configuration list for PBXNativeTarget "SKTextViewDemo" */;
			buildPhases = (
				564AB1241A0395A6009C011E /* Sources */,
				564AB1251A0395A6009C011E /* Frameworks */,
				564AB1261A0395A6009C011E /* Resources */,
			);
			buildRules = (
			);
			dependencies = (
			);
			name = SKTextViewDemo;
			productName = SKTextViewDemo;
			productReference = 564AB1281A0395A6009C011E /* SKTextViewDemo.app */;
			productType = "com.apple.product-type.application";
		};
		564AB1431A0395A6009C011E /* SKTextViewDemoTests */ = {
			isa = PBXNativeTarget;
			buildConfigurationList = 564AB1571A0395A6009C011E /* Build configuration list for PBXNativeTarget "SKTextViewDemoTests" */;
			buildPhases = (
				564AB1401A0395A6009C011E /* Sources */,
				564AB1411A0395A6009C011E /* Frameworks */,
				564AB1421A0395A6009C011E /* Resources */,
			);
			buildRules = (
			);
			dependencies = (
				564AB1491A0395A6009C011E /* PBXTargetDependency */,
			);
			name = SKTextViewDemoTests;
			productName = SKTextViewDemoTests;
			productReference = 564AB1441A0395A6009C011E /* SKTextViewDemoTests.xctest */;
			productType = "com.apple.product-type.bundle.unit-test";
		};
/* End PBXNativeTarget section */

/* Begin PBXProject section */
		564AB0E41A039435009C011E /* Project object */ = {
			isa = PBXProject;
			attributes = {
				CLASSPREFIX = SK;
				LastUpgradeCheck = 0510;
				TargetAttributes = {
					564AB1431A0395A6009C011E = {
						TestTargetID = 564AB0EB1A039435009C011E;
					};
				};
			};
			buildConfigurationList = 564AB0E71A039435009C011E /* Build configuration list for PBXProject "SKTextView" */;
			compatibilityVersion = "Xcode 3.2";
			developmentRegion = English;
			hasScannedForEncodings = 0;
			knownRegions = (
				en,
				Base,
			);
			mainGroup = 564AB0E31A039435009C011E;
			productRefGroup = 564AB0ED1A039435009C011E /* Products */;
			projectDirPath = "";
			projectRoot = "";
			targets = (
				564AB1271A0395A6009C011E /* SKTextViewDemo */,
				564AB1431A0395A6009C011E /* SKTextViewDemoTests */,
			);
		};
/* End PBXProject section */

/* Begin PBXResourcesBuildPhase section */
		564AB1261A0395A6009C011E /* Resources */ = {
			isa = PBXResourcesBuildPhase;
			buildActionMask = 2147483647;
			files = (
				564AB13F1A0395A6009C011E /* Images.xcassets in Resources */,
				564AB1311A0395A6009C011E /* InfoPlist.strings in Resources */,
				564AB13A1A0395A6009C011E /* Main.storyboard in Resources */,
			);
			runOnlyForDeploymentPostprocessing = 0;
		};
		564AB1421A0395A6009C011E /* Resources */ = {
			isa = PBXResourcesBuildPhase;
			buildActionMask = 2147483647;
			files = (
				564AB14F1A0395A6009C011E /* InfoPlist.strings in Resources */,
			);
			runOnlyForDeploymentPostprocessing = 0;
		};
/* End PBXResourcesBuildPhase section */

/* Begin PBXSourcesBuildPhase section */
		564AB1241A0395A6009C011E /* Sources */ = {
			isa = PBXSourcesBuildPhase;
			buildActionMask = 2147483647;
			files = (
				564AB1371A0395A6009C011E /* SKAppDelegate.m in Sources */,
				564AB15E1A0397E5009C011E /* SKTextView.m in Sources */,
				564AB15B1A039768009C011E /* SKTextAttachment.m in Sources */,
				564AB13D1A0395A6009C011E /* SKViewController.m in Sources */,
				564AB1331A0395A6009C011E /* main.m in Sources */,
			);
			runOnlyForDeploymentPostprocessing = 0;
		};
		564AB1401A0395A6009C011E /* Sources */ = {
			isa = PBXSourcesBuildPhase;
			buildActionMask = 2147483647;
			files = (
				564AB1511A0395A6009C011E /* SKTextViewDemoTests.m in Sources */,
			);
			runOnlyForDeploymentPostprocessing = 0;
		};
/* End PBXSourcesBuildPhase section */

/* Begin PBXTargetDependency section */
		564AB1491A0395A6009C011E /* PBXTargetDependency */ = {
			isa = PBXTargetDependency;
			target = 564AB1271A0395A6009C011E /* SKTextViewDemo */;
			targetProxy = 564AB1481A0395A6009C011E /* PBXContainerItemProxy */;
		};
/* End PBXTargetDependency section */

/* Begin PBXVariantGroup section */
		564AB12F1A0395A6009C011E /* InfoPlist.strings */ = {
			isa = PBXVariantGroup;
			children = (
				564AB1301A0395A6009C011E /* en */,
			);
			name = InfoPlist.strings;
			sourceTree = "<group>";
		};
		564AB1381A0395A6009C011E /* Main.storyboard */ = {
			isa = PBXVariantGroup;
			children = (
				564AB1391A0395A6009C011E /* Base */,
			);
			name = Main.storyboard;
			sourceTree = "<group>";
		};
		564AB14D1A0395A6009C011E /* InfoPlist.strings */ = {
			isa = PBXVariantGroup;
			children = (
				564AB14E1A0395A6009C011E /* en */,
			);
			name = InfoPlist.strings;
			sourceTree = "<group>";
		};
/* End PBXVariantGroup section */

/* Begin XCBuildConfiguration section */
		564AB11C1A039435009C011E /* Debug */ = {
			isa = XCBuildConfiguration;
			buildSettings = {
				ALWAYS_SEARCH_USER_PATHS = NO;
				CLANG_CXX_LANGUAGE_STANDARD = "gnu++0x";
				CLANG_CXX_LIBRARY = "libc++";
				CLANG_ENABLE_MODULES = YES;
				CLANG_ENABLE_OBJC_ARC = YES;
				CLANG_WARN_BOOL_CONVERSION = YES;
				CLANG_WARN_CONSTANT_CONVERSION = YES;
				CLANG_WARN_DIRECT_OBJC_ISA_USAGE = YES_ERROR;
				CLANG_WARN_EMPTY_BODY = YES;
				CLANG_WARN_ENUM_CONVERSION = YES;
				CLANG_WARN_INT_CONVERSION = YES;
				CLANG_WARN_OBJC_ROOT_CLASS = YES_ERROR;
				CLANG_WARN__DUPLICATE_METHOD_MATCH = YES;
				"CODE_SIGN_IDENTITY[sdk=iphoneos*]" = "iPhone Developer";
				COPY_PHASE_STRIP = NO;
				GCC_C_LANGUAGE_STANDARD = gnu99;
				GCC_DYNAMIC_NO_PIC = NO;
				GCC_OPTIMIZATION_LEVEL = 0;
				GCC_PREPROCESSOR_DEFINITIONS = (
					"DEBUG=1",
					"$(inherited)",
				);
				GCC_SYMBOLS_PRIVATE_EXTERN = NO;
				GCC_WARN_64_TO_32_BIT_CONVERSION = YES;
				GCC_WARN_ABOUT_RETURN_TYPE = YES_ERROR;
				GCC_WARN_UNDECLARED_SELECTOR = YES;
				GCC_WARN_UNINITIALIZED_AUTOS = YES_AGGRESSIVE;
				GCC_WARN_UNUSED_FUNCTION = YES;
				GCC_WARN_UNUSED_VARIABLE = YES;
				IPHONEOS_DEPLOYMENT_TARGET = 7.1;
				ONLY_ACTIVE_ARCH = YES;
				SDKROOT = iphoneos;
			};
			name = Debug;
		};
		564AB11D1A039435009C011E /* Release */ = {
			isa = XCBuildConfiguration;
			buildSettings = {
				ALWAYS_SEARCH_USER_PATHS = NO;
				CLANG_CXX_LANGUAGE_STANDARD = "gnu++0x";
				CLANG_CXX_LIBRARY = "libc++";
				CLANG_ENABLE_MODULES = YES;
				CLANG_ENABLE_OBJC_ARC = YES;
				CLANG_WARN_BOOL_CONVERSION = YES;
				CLANG_WARN_CONSTANT_CONVERSION = YES;
				CLANG_WARN_DIRECT_OBJC_ISA_USAGE = YES_ERROR;
				CLANG_WARN_EMPTY_BODY = YES;
				CLANG_WARN_ENUM_CONVERSION = YES;
				CLANG_WARN_INT_CONVERSION = YES;
				CLANG_WARN_OBJC_ROOT_CLASS = YES_ERROR;
				CLANG_WARN__DUPLICATE_METHOD_MATCH = YES;
				"CODE_SIGN_IDENTITY[sdk=iphoneos*]" = "iPhone Developer";
				COPY_PHASE_STRIP = YES;
				ENABLE_NS_ASSERTIONS = NO;
				GCC_C_LANGUAGE_STANDARD = gnu99;
				GCC_WARN_64_TO_32_BIT_CONVERSION = YES;
				GCC_WARN_ABOUT_RETURN_TYPE = YES_ERROR;
				GCC_WARN_UNDECLARED_SELECTOR = YES;
				GCC_WARN_UNINITIALIZED_AUTOS = YES_AGGRESSIVE;
				GCC_WARN_UNUSED_FUNCTION = YES;
				GCC_WARN_UNUSED_VARIABLE = YES;
				IPHONEOS_DEPLOYMENT_TARGET = 7.1;
				SDKROOT = iphoneos;
				VALIDATE_PRODUCT = YES;
			};
			name = Release;
		};
		564AB1521A0395A6009C011E /* Debug */ = {
			isa = XCBuildConfiguration;
			buildSettings = {
				ASSETCATALOG_COMPILER_APPICON_NAME = AppIcon;
				ASSETCATALOG_COMPILER_LAUNCHIMAGE_NAME = LaunchImage;
				GCC_PRECOMPILE_PREFIX_HEADER = YES;
				GCC_PREFIX_HEADER = "SKTextViewDemo/SKTextViewDemo-Prefix.pch";
				GCC_PREPROCESSOR_DEFINITIONS = (
					"DEBUG=1",
					"$(inherited)",
				);
				INFOPLIST_FILE = "SKTextViewDemo/SKTextViewDemo-Info.plist";
				PRODUCT_NAME = "$(TARGET_NAME)";
				WRAPPER_EXTENSION = app;
			};
			name = Debug;
		};
		564AB1531A0395A6009C011E /* Release */ = {
			isa = XCBuildConfiguration;
			buildSettings = {
				ASSETCATALOG_COMPILER_APPICON_NAME = AppIcon;
				ASSETCATALOG_COMPILER_LAUNCHIMAGE_NAME = LaunchImage;
				GCC_PRECOMPILE_PREFIX_HEADER = YES;
				GCC_PREFIX_HEADER = "SKTextViewDemo/SKTextViewDemo-Prefix.pch";
				INFOPLIST_FILE = "SKTextViewDemo/SKTextViewDemo-Info.plist";
				PRODUCT_NAME = "$(TARGET_NAME)";
				WRAPPER_EXTENSION = app;
			};
			name = Release;
		};
		564AB1541A0395A6009C011E /* Debug */ = {
			isa = XCBuildConfiguration;
			buildSettings = {
				BUNDLE_LOADER = "$(BUILT_PRODUCTS_DIR)/SKTextView.app/SKTextView";
				FRAMEWORK_SEARCH_PATHS = (
					"$(SDKROOT)/Developer/Library/Frameworks",
					"$(inherited)",
					"$(DEVELOPER_FRAMEWORKS_DIR)",
				);
				GCC_PRECOMPILE_PREFIX_HEADER = YES;
				GCC_PREFIX_HEADER = "SKTextViewDemo/SKTextViewDemo-Prefix.pch";
				GCC_PREPROCESSOR_DEFINITIONS = (
					"DEBUG=1",
					"$(inherited)",
				);
				INFOPLIST_FILE = "SKTextViewDemoTests/SKTextViewDemoTests-Info.plist";
				PRODUCT_NAME = "$(TARGET_NAME)";
				TEST_HOST = "$(BUNDLE_LOADER)";
				WRAPPER_EXTENSION = xctest;
			};
			name = Debug;
		};
		564AB1551A0395A6009C011E /* Release */ = {
			isa = XCBuildConfiguration;
			buildSettings = {
				BUNDLE_LOADER = "$(BUILT_PRODUCTS_DIR)/SKTextView.app/SKTextView";
				FRAMEWORK_SEARCH_PATHS = (
					"$(SDKROOT)/Developer/Library/Frameworks",
					"$(inherited)",
					"$(DEVELOPER_FRAMEWORKS_DIR)",
				);
				GCC_PRECOMPILE_PREFIX_HEADER = YES;
				GCC_PREFIX_HEADER = "SKTextViewDemo/SKTextViewDemo-Prefix.pch";
				INFOPLIST_FILE = "SKTextViewDemoTests/SKTextViewDemoTests-Info.plist";
				PRODUCT_NAME = "$(TARGET_NAME)";
				TEST_HOST = "$(BUNDLE_LOADER)";
				WRAPPER_EXTENSION = xctest;
			};
			name = Release;
		};
/* End XCBuildConfiguration section */

/* Begin XCConfigurationList section */
		564AB0E71A039435009C011E /* Build configuration list for PBXProject "SKTextView" */ = {
			isa = XCConfigurationList;
			buildConfigurations = (
				564AB11C1A039435009C011E /* Debug */,
				564AB11D1A039435009C011E /* Release */,
			);
			defaultConfigurationIsVisible = 0;
			defaultConfigurationName = Release;
		};
		564AB1561A0395A6009C011E /* Build configuration list for PBXNativeTarget "SKTextViewDemo" */ = {
			isa = XCConfigurationList;
			buildConfigurations = (
				564AB1521A0395A6009C011E /* Debug */,
				564AB1531A0395A6009C011E /* Release */,
			);
			defaultConfigurationIsVisible = 0;
		};
		564AB1571A0395A6009C011E /* Build configuration list for PBXNativeTarget "SKTextViewDemoTests" */ = {
			isa = XCConfigurationList;
			buildConfigurations = (
				564AB1541A0395A6009C011E /* Debug */,
				564AB1551A0395A6009C011E /* Release */,
			);
			defaultConfigurationIsVisible = 0;
		};
/* End XCConfigurationList section */
	};
	rootObject = 564AB0E41A039435009C011E /* Project object */;
}
